
Microsoft Visual Studio Solution File, Format Version 12.00
# Visual Studio Version 16
VisualStudioVersion = 16.0.29709.97
MinimumVisualStudioVersion = 10.0.40219.1
Project("{FAE04EC0-301F-11D3-BF4B-00C04F79EFBC}") = "HomeWork5", "HomeWork5.csproj", "{991B21B5-541D-4F37-85D4-B3B212FFB926}"
EndProject
Global
	GlobalSection(SolutionConfigurationPlatforms) = preSolution
		Debug|Any CPU = Debug|Any CPU
		Release|Any CPU = Release|Any CPU
	EndGlobalSection
	GlobalSection(ProjectConfigurationPlatforms) = postSolution
		{991B21B5-541D-4F37-85D4-B3B212FFB926}.Debug|Any CPU.ActiveCfg = Debug|Any CPU
		{991B21B5-541D-4F37-85D4-B3B212FFB926}.Debug|Any CPU.Build.0 = Debug|Any CPU
		{991B21B5-541D-4F37-85D4-B3B212FFB926}.Release|Any CPU.ActiveCfg = Release|Any CPU
		{991B21B5-541D-4F37-85D4-B3B212FFB926}.Release|Any CPU.Build.0 = Release|Any CPU
	EndGlobalSection
	GlobalSection(SolutionProperties) = preSolution
		HideSolutionNode = FALSE
	EndGlobalSection
	GlobalSection(ExtensibilityGlobals) = postSolution
		SolutionGuid = {0A06BF80-C8D3-45EF-B581-C087AB7E22D6}
	EndGlobalSection
EndGlobal
